# This file was autogenerated by uv via the following command:
#    uv export --project services/ones-mcp-server --frozen --no-dev --no-emit-project --format requirements.txt --output-file services/ones-mcp-server/requirements.lock
annotated-types==0.8.0 \
    --hash=sha256:13b2beaad985e05e2d6407ee4c4f35590b11f8d693a258a561055cac8f64cab7 \
    --hash=sha256:f072f4d804ea359e4eaf198b1af7a8b0943881a87f31bb764f8bf219bb9419e0
    # via pydantic
anyio==4.14.2 \
    --hash=sha256:9f505dda5ac9f0c8309b5e8bd445a8c2bf7246f3ce950121e45ea15bc41d1494 \
    --hash=sha256:cfa139f3ed1a23ee8f88a145ddb5ac7605b8bbfd8592baacd7ce3d8bb4313c7f
    # via
    #   httpx2
    #   mcp
    #   sse-starlette
    #   starlette
attrs==26.1.0 \
    --hash=sha256:c647aa4a12dfbad9333ca4e71fe62ddc36f4e63b2d260a37a8b83d2f043ac309 \
    --hash=sha256:d03ceb89cb322a8fd706d4fb91940737b6642aa36998fe130a9bc96c985eff32
    # via
    #   jsonschema
    #   referencing
cffi==2.1.1 ; platform_python_implementation != 'PyPy' \
    --hash=sha256:046bfc24911b37851ee1b51aab8bffe713d89c68c6a057b09484ce9fd5f69b4e \
    --hash=sha256:06c72bb76605a4b0cd0aad6930b69d4baf7dd5d806cfc409b824191099700e66 \
    --hash=sha256:0beceaabe56af686895136a2de78db54ecd8e4046b236b8fd6d6cb61389e9bf2 \
    --hash=sha256:19ee6127ee34de7d83ce3d371ebc5ed91addbdcc39f9ab15ce4eb35a4e534971 \
    --hash=sha256:1a18a57b58cfb21fc28d72e876acf10eaed67a1ed96226f92af4df681d571c4c \
    --hash=sha256:1aa5645c30469b09530c4ebca77ebf8f17618293c58f8549cb1a543a50236e7d \
    --hash=sha256:208f941bb9d18e768138677f0a6d2ce01f590df56043dda1df1535ac57c88517 \
    --hash=sha256:210019b6c7cf07f081b4c54635c8cf744377001350e29cc0f81c4377b4797735 \
    --hash=sha256:246fa40ce8645a614ff682e0b70f37134e460eaf93a775e0cbe3cca585a67a80 \
    --hash=sha256:25792eac27877609e7bb06d42ff88278a6624fff2ba9bbb523c09616b117e80f \
    --hash=sha256:27350daa11d4f10c540e6e89dada4c54feb7256ad03e9a4dc075ebad7ba360d1 \
    --hash=sha256:28907ab9bfb6aa13184cfc17c6b8e1023c5ab6fd7076d8c20a35e59fe04f8f29 \
    --hash=sha256:2ae64be792b8966f2c69538199728b290e34726562896df1e5dc8ffd8d8188e8 \
    --hash=sha256:31348097ff5bbe827ccc41795d4dd099d9f0625e7def00ee653c137a490c2a6c \
    --hash=sha256:3143d81e29e1e20a9ce10901ec369012947876596f75a222235965f2b7ae832e \
    --hash=sha256:3222ba5d678f80a030e6afbcc33dc1ae5cb45facabb61cee2c7016b8432fde48 \
    --hash=sha256:334644fbac4eff73d985a17a91226df55d0f394160c4cfb880e084c8f7161cac \
    --hash=sha256:363e05fa78e15116c3c32c210ee36884fd6b9afa6d440e47112c3bd511d64cb6 \
    --hash=sha256:42a494cee34437f05546455144f2b5d9ac09b1face62bcfce597d2e521066688 \
    --hash=sha256:456a61fa52d579ebf9df2e9552ead5129855dbaff6c1e5a9b1bc408809bdc062 \
    --hash=sha256:471cee653ae88de62096552e6d24ccb4a5adb8c8c9f10b5054d0122c15bf2779 \
    --hash=sha256:49cbc70e6542d4ccccb936558d1064a8012541e78f821f955cff24e357776c94 \
    --hash=sha256:4a7c934f7360e8cd64fe9efadcbd10c7c6364f531e432b9a4bf5ccbc9e0e8b50 \
    --hash=sha256:4be96343e422f2dfcd12ab5c9f5aebe03f82f737c6bffeca6830b3875cb44aab \
    --hash=sha256:4f42141fc14250de6dde5ee7ea4432be017252d91f19c5ad043c084cea629cac \
    --hash=sha256:507a24c282e0f42f8ed737cf048572cbf580468da5555764a8331735e9c736b6 \
    --hash=sha256:51b31d1c98274844cfd7838ce00bfc27c7423a4dc00fc0772fc3331c2cc90676 \
    --hash=sha256:58acb8ab8e295e6c5ea12f888cbb13cf21511ef2a3303a23f4325c29d17fe5c1 \
    --hash=sha256:5c58fe613dc5e5336357eff555824a314d8e43282600435c8d1cb6a7a2fedd13 \
    --hash=sha256:5e7cecbaadb83884793e05828cee59b210b24583b9c7425d0ba6a754fe22eb4e \
    --hash=sha256:616f097f2fe415bc92a247f02e11f634e1f9e9a83d327e3c915c15089c87869e \
    --hash=sha256:63bbfd5ded17c4840ac07cd8f1c21ba9d9708141f840b324f422f41b207e3973 \
    --hash=sha256:64faea20f4e2613363a1a9b9c7dd73058f3ecd00133a511e72ad7c511658f527 \
    --hash=sha256:661c298b4821edebead0c91edd2b00374d67ad7c5a1f7a91d4442633b79d6a72 \
    --hash=sha256:68e62fe11f30d5ca8289242866f0a5291402d8529ca2178ab8afc5c9694ae890 \
    --hash=sha256:6a8dddef476fab96d066d578fc88526767b836ab5ab21754e1d5bf3879c31c7c \
    --hash=sha256:770de9db11e84213beec501cfcaa013b019820ca881e03344dea5844f7876d94 \
    --hash=sha256:7750c6449dff7864bb9bb27ddfb0267756189201a3afc911d82b3caacd70dfc3 \
    --hash=sha256:7bde5e4cc5c10140859842b9d383af292b22639a4dffb725314baf45968cef80 \
    --hash=sha256:7da0c5eff80f0197f3b3d1232ec5a682a9325f4ae9016a78f5f5ca35f9ced1f5 \
    --hash=sha256:7dbb61fe3a7699468030f71bbe5f8a0e326a151daa91beb11a6fc1f980c55e1c \
    --hash=sha256:811bd1e21d32de12efca32393a0ab3f5133b54fce9bd44b8bd77ab07da14bf6a \
    --hash=sha256:8ef53b2de9bcb9197d31854256575d59dbac0cba72ac627bb291ef5eceb74be4 \
    --hash=sha256:937c0052c05a31ca1daf18de3158eed4dbfcb9cc107adbea227728d647be701e \
    --hash=sha256:9d2055050ea716bd38b7f7f1579c275386646b4894c155a3e2f3cd62ed41b7c6 \
    --hash=sha256:a2d7755bef5a12ed488f4ef1f1b69ee9191d7396083b755a5d2295f6edb4768b \
    --hash=sha256:a4f00aa42f75d6e4595e8866e748cc1705adc0cddfeb2ca86d0d03993d63ba03 \
    --hash=sha256:a730a083190634c65cca36ba5f489531576ebd79bcd5c8e172130f6453127231 \
    --hash=sha256:a931079504ecc49efed7744c476a5c343a92fabf66dec2db95edb1b2fdc770e2 \
    --hash=sha256:aa9511c62d14da7aacc9b4bf51f3f697a621e83b2d6919008243c3aad168eea3 \
    --hash=sha256:ab36d55f9ed2d067327667c2fea18dda018eb628dd6347aa01dda6cf1f5d3836 \
    --hash=sha256:ad2c86c495b899d862ea0f4b42891b8713a3bd45dd4105c7fd51c2a72f39f3a5 \
    --hash=sha256:aeae0e330c9f6acd681f647d46cefd30c29f93e3392882e792e82080c9691399 \
    --hash=sha256:b0431303acaea1089ad4b3e9ce4e6518193def1118d4073ca848635ee4ea2e96 \
    --hash=sha256:b5bdfd1c873d4e093aabc0ca84c4ca6dbc4f752afb5c86f146d9742580c9da2e \
    --hash=sha256:c1453022f490d2459a11819d83ad1d586e9ff65a12ac3e705ffebd46d3685dcf \
    --hash=sha256:c26608d2222fb1e94487e4a387d85f13eb55d5ed725cb25a0c589ac4ee60e7bc \
    --hash=sha256:c8c69575568085ba0b1b10c0249d779a214aea6f6522e949a0fc9fb0fcb449d0 \
    --hash=sha256:cc572dace3f60ef98d7b12ff411d20f5362feb31a0439eab0085bbfd349982d7 \
    --hash=sha256:d18e5ac0f2f03f4f518d3e23db0f0cad7faa1da8620e9c09461d443bbf6e6692 \
    --hash=sha256:d28630f5854ab07ab1fd4aba756de52326c82e6be15d414b12793f1975048b54 \
    --hash=sha256:d9c275eaacd24aa73f94ffd6de08fc3f932424d8b6c376f4bed7cde376fe7bc3 \
    --hash=sha256:da0e573f9f97159390c89d9f1a9e41908b66d408cc5b58d08cf3847d844c531b \
    --hash=sha256:dd31f52ea1086513bb9df30f8fcee9b8918323ae067a3d5b78bc826a000712be \
    --hash=sha256:dddad92b554513a31f272570678ba307fb9f618f05e3d4a5eacafff9eae03e1d \
    --hash=sha256:df423d40ee8654634421812bc3b196da3f9bd7d32929da813f8394c4348a5358 \
    --hash=sha256:e0bcb7e0f677f543555d2adff3bf19c05f66cdb4796e5ff602442ab2fe3c4ef7 \
    --hash=sha256:e2d65b31f36619cda3999b78b2aa9632e76b78448e7a56fc4240824200e7c4fc \
    --hash=sha256:e6e8cff14d6fb0be70a09c0bdc58096f501952d04624ebf867e0e56da2df8960 \
    --hash=sha256:f16c709686a78c727bbbf059f92b0bf41c6fc60deec706d2dc19f529175a6125 \
    --hash=sha256:f24fb43132a4c6b4cb4eb029492919b2db645be6808d738f244fd146c03c32cb \
    --hash=sha256:f53e442b08449d42821fa4a4fba000095af9f62742a500f978a9f557ec44339a \
    --hash=sha256:f81b3b8f3d4e343550fa4baa0e479bba9f2d29ce9c2e9b51d1ce1718d7442fcf \
    --hash=sha256:fb92203a88b3d3053034db775110081c49d28be6551923805e039924093761e4 \
    --hash=sha256:fcd22650c908d7b7da162bbfaab594a1227a15d1643a98c68b122ac642fa2264
    # via cryptography
click==8.4.2 ; sys_platform != 'emscripten' \
    --hash=sha256:9a6cea6e60b17ebe0a44c5cc636d94f09bd66142c1cd7d8b4cd731c4917a15f6 \
    --hash=sha256:e6f9f66136c816745b9d65817da91d61d957fb16e02e4dcd0552553c5a197b76
    # via uvicorn
colorama==0.4.6 ; sys_platform == 'win32' \
    --hash=sha256:08695f5cb7ed6e0531a20572697297273c47b8cae5a63ffc6d6ed5c201be6e44 \
    --hash=sha256:4f1d9991f5acc0ca119f9d443620b77f9d6b33703e51011c16baf57afb285fc6
    # via click
cryptography==50.0.0 \
    --hash=sha256:031e2d5dd4bb9caa3ca9c82e5a197fd8ae680232cee62603d1a813f3f07e3d03 \
    --hash=sha256:06a32a980526a6ab9a4b9bf8f7385800791e2bb960903cb6b530e4817509a3b7 \
    --hash=sha256:07949c449a1abcf60d1ee6e88956d89404c7df3c8258f46589e912988e551987 \
    --hash=sha256:105110f43a471dbd0060b9c9516cb8a6a79233631a04cc2ba16f28323ac6e025 \
    --hash=sha256:11b74db56cdbe3cdee6e3f6982ecb70334fa10dce99ed58bf7894aaaa3b2a037 \
    --hash=sha256:12b9c6996425c76ea6c457ace4f3073e715b8c545add07cd1a8f3a4f90691269 \
    --hash=sha256:1489e263a8048bb8b6a8bac662eb2d402ea5d2b7b4699b72f385f1e2772db105 \
    --hash=sha256:19736989797678c6af1e55cd49055cdbcb55d8f6b5583ac5335f933aba9101dc \
    --hash=sha256:1b4a266766514614f8aa60416e71f2fc6e575d36e7bdc90f644fadb2f4b75b95 \
    --hash=sha256:2a8183b489dc1f7f80f135780fadc1108f14b31b8a40411c7a5b17425f65f28b \
    --hash=sha256:37fdb0d0111f1e2ff07139dfb79f1b49531f8e213c46f1163dd7642979b58c47 \
    --hash=sha256:3f5735ffe4996d28b809371756219f5354864902a3b9e7c0b9ee87041209fc9c \
    --hash=sha256:49e7d93abdbd2990caced757e5fade25302f719c3c8fb6e6fff2dde98999fc41 \
    --hash=sha256:65c2c3add92b45fd0709db8594536aea39c2a67af0e27ffcf049c498501140b7 \
    --hash=sha256:6ba6a53445bd3cfa809ef3ef5f1589aa6ba08784a1d962bf47d0940e871dab1c \
    --hash=sha256:6e7d61120573a7f2cd94cc095f9e81f6967c61ccdf194285aa143ecec8e0b708 \
    --hash=sha256:7cec5b856506da6defb290f30c9ee687d5f5e8cb0bd3f6459dde43b0b4fa40ef \
    --hash=sha256:80b63928fa35083b33966ce1efb70e5b9607181e49dcd1c22c8c005e319f667f \
    --hash=sha256:82148ec5bddac30b51a5b3c1945075f896fa022cb93f8e4a01e9f6ee95292c5f \
    --hash=sha256:828743d939e9629bc267b8e2d08d8bb67cd4319c771a33d4b18b22dd8fb7440a \
    --hash=sha256:8d89f3976b10b4ce31118de72329025f70d2c6ead14a8217c5514dd2c6d5a78f \
    --hash=sha256:900131fafd8aead39ac7dd3a7e833be754c17a95cfd91221636949fe4eb0aa8a \
    --hash=sha256:910e1d2668e7de9648f2bcee30e180db2a6b15c30f887d7c4c93ddf96e3992e3 \
    --hash=sha256:9aa87839c383bdbab6ef865787a1fb877af8dd03464c4400322726feaaadfc6d \
    --hash=sha256:a1b30560f2acc95aa8b2e06e716a13dbfc97314747b80d9707e307f77b40d6b3 \
    --hash=sha256:a91296cb61e8df6f86d0c19cc4068228da256bf59bf86049fbd821084565327f \
    --hash=sha256:b42a28c1844fd9de8f3f7d540e36b66f3a9c83fceac7170ebc7a6a19edd9dcae \
    --hash=sha256:bd1c592e4d5974f0d08d4888e432157adba757c66da0246918e43677fafa2d30 \
    --hash=sha256:c87f62a3d3b9888ed0fdde100ec06aa61ca9cd44bad9057d1dff9a516b5f5bb9 \
    --hash=sha256:ccdc4a71a4dabae05de219404f9f4abc38e3b58422177ff93d0da05967dafa07 \
    --hash=sha256:d24fead1d4d076e1bfb006dcec392074a3cd8d7b4fc8a595aa64073b2b7a96ba \
    --hash=sha256:d58c3db7cd6eed54e6c06744db55456b65ebd7492ddeae9c1e93cfca7aa857d3 \
    --hash=sha256:d764dcf130c428ef66786f866dd750f53182bc608813489915e9fc106bb0c82f \
    --hash=sha256:df2a58a472f332225671c35b0a830208b86d004f82baa8530fa3782c85646533 \
    --hash=sha256:e722f16708d854fe924790e051061f6704a472c3bac347b6fd88033ea8dd0dc5 \
    --hash=sha256:ecfed7367f965a0328cfbdd70da860f15441f002f613185668c6e6ebf5a0ac11 \
    --hash=sha256:eeac2acb5a20ed25e0ad6d1df9891a520b78b404266b6d11778f25d5d691a6c9 \
    --hash=sha256:f59e38625469987d7ef6d495323c55e7db6c212eaf6112267e0d3b565a2e9c9f \
    --hash=sha256:f89831ef99dd7dd169ab06d63a831adb9e20a87aac6d380266bbda5823349169 \
    --hash=sha256:fd9192b7b70c573d7f214eb1ae35e00d359f6f5e4b27c7e21e30de1fc6204645
    # via
    #   enterprise-ones-mcp-server
    #   pyjwt
h11==0.16.0 \
    --hash=sha256:4e35b956cf45792e4caa5885e69fba00bdbc6ffafbfa020300e549b208ee5ff1 \
    --hash=sha256:63cf8bbe7522de3bf65932fda1d9c2772064ffb3dae62d55932da54b31cb6c86
    # via
    #   httpcore2
    #   uvicorn
httpcore2==2.9.1 \
    --hash=sha256:4d8acbf8b306f48c9d6046591fd5ba4037d1b1b1000d140fc2c3eab1e9a0c0e2 \
    --hash=sha256:6182472379e855fe4221246a2bb7ecede403bc61c6798062ae1787d051ccde26
    # via httpx2
httpx2==2.9.1 \
    --hash=sha256:1820fe14a9ab1107bfeff39259987429450b070ec0ff38cc87eb0d8c97fdc71a \
    --hash=sha256:1932a768737e3666291582833da748cc4e563c337cf96706fccc04fa6e58764a
    # via mcp
idna==3.18 \
    --hash=sha256:7f952cbe720b688055e3f87de14f5c3e5fdaa8bc3928985c4077ca689de849a2 \
    --hash=sha256:ffb385a7e039654cef1ab9ef32c6fafe283c0c0467bba1d9029738ce4a14a848
    # via
    #   anyio
    #   httpx2
jsonschema==4.26.0 \
    --hash=sha256:0c26707e2efad8aa1bfc5b7ce170f3fccc2e4918ff85989ba9ffa9facb2be326 \
    --hash=sha256:d489f15263b8d200f8387e64b4c3a75f06629559fb73deb8fdfb525f2dab50ce
    # via mcp
jsonschema-specifications==2025.9.1 \
    --hash=sha256:98802fee3a11ee76ecaca44429fda8a41bff98b00a0f2838151b113f210cc6fe \
    --hash=sha256:b540987f239e745613c7a9176f3edb72b832a4ac465cf02712288397832b5e8d
    # via jsonschema
mcp==2.0.0 \
    --hash=sha256:0f440e735c13ece8bb19bc62cf0b86f4313448432fbb77d35e14034f4e050728 \
    --hash=sha256:1cb4c75d2d2c7b8c1d756355e5d82a39f2822cc7f13e22a2051d7ca3592349d6
    # via enterprise-ones-mcp-server
mcp-types==2.0.0 \
    --hash=sha256:6b2de797ca2797f568b79529e1b25948e34de511bcc0bd82fef1039a6d1b8eb0 \
    --hash=sha256:d7d939b9285c9961ae8866ba75ef85da34d12bafe276efbf4eb6a131786d8379
    # via mcp
opentelemetry-api==1.44.0 \
    --hash=sha256:67647e5e9566edcf421166fdf022b3537f818635daa852b289e34604dc6fb33a \
    --hash=sha256:94b98c893a91b88657eaac1e3ba89618cdb85be6918196705354f34728b2cdef
    # via mcp
psycopg==3.3.4 \
    --hash=sha256:b6bbc25ccf05c8fad3b061d9db2ef0909a555171b84b07f29458a447253d679a \
    --hash=sha256:e21207764952cff81b6b8bdacad9a3939f2793367fdac2987b3aac36a651b5bc
    # via enterprise-ones-mcp-server
psycopg-binary==3.3.4 ; implementation_name != 'pypy' \
    --hash=sha256:018fbed325936da502feb546642c982dcc4b9ffdea32dfef78dbf3b7f7ad4070 \
    --hash=sha256:136f199a407b5348b9b857c504aff60c77622a28482e7195839ce1b51238c4cc \
    --hash=sha256:17a21953a9e5ff3a16dab692625a3676e2f101db5e40072f39dbee2250194d68 \
    --hash=sha256:1dc1f79fd16bb1f3f4421417a514607539f17804d95c7ed617265369d1981cae \
    --hash=sha256:1fbaa292a3c8bb61b45df1ad3da1908ccee7cb889db9425e3557d9e34e2a4829 \
    --hash=sha256:26df2717e59c0473e4465a97dfb1b7afebaa479277870fd5784d1436470db47c \
    --hash=sha256:28b7398fdd19db3232c884fb24550bdfe951221f510e195e233299e4c9b78f97 \
    --hash=sha256:2c09aad7051326e7603c14e50636db9c01f78272dc54b3accff03d46370461e6 \
    --hash=sha256:46893c26858be12cc49ca4226ed6a60b4bfccadd946b3bebb783a60b38788228 \
    --hash=sha256:47c656a8a7ba6eb0cff1801a4caaa9c8bdc12d03080e273aff1c8ac39971a77e \
    --hash=sha256:494ca54901be8cf9eb7e02c25b731f2317c378efa44f43e8f9bd0e1184ae7be4 \
    --hash=sha256:514404ed543efd620c85602b747df2a23cf1241b4067199e1a66f2d2757aaa41 \
    --hash=sha256:580ae30a5f95ccd90008ec697d3ed6a4a2047a516407ad904283fa42086936e9 \
    --hash=sha256:5ab28a2a7649df3b72e6b674b4c190e448e8e77cf496a65bd846472048de2089 \
    --hash=sha256:5c4ab71be17bdca30cb34c34c4e1496e2f5d6f20c199c12bad226070b22ef9bf \
    --hash=sha256:6402a9d8146cf4b3974ded3fd28a971e83dc6a0333eb7822524a3aa20b546578 \
    --hash=sha256:6b9016b1714da4dd5ecaaa75b82098aa5a0b87854ce9b092e21c27c4ae23e014 \
    --hash=sha256:71e55ccbdfae79a2ed9c6369c3008a3025817ff9d7e27b32a2d84e2a4267e66e \
    --hash=sha256:75a9067e236f9b9ae3535b66fe99bddb33d39c0de10112e49b9ab11eee53dc31 \
    --hash=sha256:773d573e11f437ce0bdb95b7c18dc58390494f96d43f8b45b9760436114f7652 \
    --hash=sha256:77df19583501ea288eaf15ac0fe7ad01e6d8091a91d5c41df5c718f307d8e31b \
    --hash=sha256:8c0056529e68dbe9184cd4019a1f3d8f3a4ead2f6fc7a5afcf27d3314edd1277 \
    --hash=sha256:94596f9e7633ee3f6440711d43bb70aa31cc0a46a900ab8b4201a366ace5c9e7 \
    --hash=sha256:b56b603ebcea8aa10b46228b8410ba7f13e7c2ee54389d4d9be0927fd8ce2a70 \
    --hash=sha256:b6f5a29e9c775b9f12a1a717aa7a2c80f9e1db6f27ba44a5b59c80ac61d2ffcf \
    --hash=sha256:c37e024c07308cd06cf3ec51bfd0e7f6157585a4d84d1bce4a7f5f7913719bf8 \
    --hash=sha256:c677c4ad433cb7150c8cd304a0769ae3bcfbe5ea0676eb53faa7b1443b16d0d3 \
    --hash=sha256:dbfdb9b6cc79f31104a7b162a2b921b765fcc62af6c00540a167a8de47e4ed38 \
    --hash=sha256:df1d567fc430f6df15c9fcf67d87685fc49bdb325adc0db5af1adfb2f44eb5c9 \
    --hash=sha256:e7510c37550f91a187e3660a8cc50d4b760f8c3b8b2f89ebc5698cd2c7f2c85d \
    --hash=sha256:eb05ee1c2b817d27c537333224c9e83c7afb86fe7296ba970990068baf819b16 \
    --hash=sha256:ee17a2cf4943cde261adfad1bbc5bf38d6b3776d7afff74c7cabcbeaeb08c260 \
    --hash=sha256:fbd1d4ed566895ad2d3bf4ddfd8bae90026930ddf29df3b9d91d32c8c47866a7
    # via psycopg
psycopg-pool==3.3.1 \
    --hash=sha256:2af5b432941c4c9ad5c87b3fa410aec910ec8f7c122855897983a06c45f2e4b5 \
    --hash=sha256:b10b10b7a175d5cc1592147dc5b7eec8a9e0834eb3ed2c4a92c858e2f51eb63c
    # via psycopg
pycparser==3.0 ; implementation_name != 'PyPy' and platform_python_implementation != 'PyPy' \
    --hash=sha256:600f49d217304a5902ac3c37e1281c9fe94e4d0489de643a9504c5cdfdfc6b29 \
    --hash=sha256:b727414169a36b7d524c1c3e31839a521725078d7b2ff038656844266160a992
    # via cffi
pydantic==2.13.4 \
    --hash=sha256:45a282cde31d808236fd7ea9d919b128653c8b38b393d1c4ab335c62924d9aba \
    --hash=sha256:c40756b57adaa8b1efeeced5c196f3f3b7c435f90e84ea7f443901bec8099ef6
    # via
    #   mcp
    #   mcp-types
pydantic-core==2.46.4 \
    --hash=sha256:00c603d540afdd6b80eb39f078f33ebd46211f02f33e34a32d9f053bba711de0 \
    --hash=sha256:0186750b482eefa11d7f435892b09c5c606193ef3375bcf94aa00ae6bfb66262 \
    --hash=sha256:0cbe8b01f948de4286c74cdd6c667aceb38f5c1e26f0693b3983d9d74887c65e \
    --hash=sha256:184c081504d17f1c1066e430e117142b2c77d9448a97f7b65c6ac9fd9aee238d \
    --hash=sha256:1a7dd0b3ee80d90150e3495a3a13ac34dbcbfd4f012996a6a1d8900e91b5c0fb \
    --hash=sha256:1d8ba486450b14f3b1d63bc521d410ec7565e52f887b9fb671791886436a42f7 \
    --hash=sha256:2108ba5c1c1eca18030634489dc544844144ee36357f2f9f780b93e7ddbb44b5 \
    --hash=sha256:23ace664830ee0bfe014a0c7bc248b1f7f25ed7ad103852c317624a1083af462 \
    --hash=sha256:2412e734dcb48da14d4e4006b82b46b74f2518b8a26ee7e58c6844a6cd6d03c4 \
    --hash=sha256:29c61fc04a3d840155ff08e475a04809278972fe6aef51e2720554e96367e34b \
    --hash=sha256:3009f12e4e90b7f88b4f9adb1b0c4a3d58fe7820f3238c190047209d148026df \
    --hash=sha256:3245406455a5d98187ec35530fd772b1d799b26667980872c8d4614991e2c4a2 \
    --hash=sha256:372429a130e469c9cd698925ce5fc50940b7a1336b0d82038e63d5bbc4edc519 \
    --hash=sha256:3a233125ac121aa3ffba9a2b59edfc4a985a76092dc8279586ab4b71390875e7 \
    --hash=sha256:3bf92c5d0e00fefaab325a4d27828fe6b6e2a21848686b5b60d2d9eeb09d76c6 \
    --hash=sha256:3ecbc122d18468d06ca279dc26a8c2e2d5acb10943bb35e36ae92096dc3b5565 \
    --hash=sha256:3fb702cd90b0446a3a1c5e470bfa0dd23c0233b676a9099ddcc964fa6ca13898 \
    --hash=sha256:428e04521a40150c85216fc8b85e8d39fece235a9cf5e383761238c7fa9b96fb \
    --hash=sha256:4fc73cb559bdb54b1134a706a2802a4cddd27a0633f5abb7e53056268751ac6a \
    --hash=sha256:4fcbe087dbc2068af7eda3aa87634eba216dbda64d1ae73c8684b621d33f6596 \
    --hash=sha256:56cb4851bcaf3d117eddcef4fe66afd750a50274b0da8e22be256d10e5611987 \
    --hash=sha256:5855698a4856556d86e8e6cd8434bc3ac0314ee8e12089ae0e143f64c6256e4e \
    --hash=sha256:5a4330cdbc57162e4b3aa303f588ba752257694c9c9be3e7ebb11b4aca659b5d \
    --hash=sha256:5b712b53160b79a5850310b912a5ef8e57e56947c8ad690c227f5c9d7e561712 \
    --hash=sha256:5d5902252db0d3cedf8d4a1bc68f70eeb430f7e4c7104c8c476753519b423008 \
    --hash=sha256:617d7e2ca7dcb8c5cf6bcb8c59b8832c94b36196bbf1cbd1bfb56ed341905edd \
    --hash=sha256:62f875393d7f270851f20523dd2e29f082bcc82292d66db2b64ea71f64b6e1c1 \
    --hash=sha256:633147d34cf4550417f12e2b1a0383973bdf5cdfde212cb09e9a581cf10820be \
    --hash=sha256:6b3ace8194b0e5204818c92802dcdca7fc6d88aabbb799d7c795540d9cd6d292 \
    --hash=sha256:7027560ee92211647d0d34e3f7cd6f50da56399d26a9c8ad0da286d3869a53f3 \
    --hash=sha256:7283d57845ecf5a163403eb0702dfc220cc4fbdd18919cb5ccea4f95ee1cdab4 \
    --hash=sha256:7a5f930472650a82629163023e630d160863fce524c616f4e5186e5de9d9a49b \
    --hash=sha256:811ff8e9c313ab425368bcbb36e5c4ebd7108c2bbf4e4089cfbb0b01eff63fac \
    --hash=sha256:8233f2947cf85404441fd7e0085f53b10c93e0ee78611099b5c7237e36aacbf7 \
    --hash=sha256:82cf5301172168103724d49a1444d3378cb20cdee30b116a1bd6031236298a5d \
    --hash=sha256:85bb3611ff1802f3ee7fdd7dbff26b56f343fb432d57a4728fdd49b6ef35e2f4 \
    --hash=sha256:8d0820e8192167f80d88d64038e609c31452eeca865b4e1d9950a27a4609b00b \
    --hash=sha256:8daafc69c93ee8a0204506a3b6b30f586ef54028f52aeeeb5c4cfc5184fd5914 \
    --hash=sha256:926c9541b14b12b1681dca8a0b75feb510b06c6341b70a8e500c2fdcff837cce \
    --hash=sha256:9401557acd873c3a7f3eb9383edef8ac4968f9510e340f4808d427e75667e7b4 \
    --hash=sha256:9551187363ffc0de2a00b2e47c25aeaeb1020b69b668762966df15fc5659dd5a \
    --hash=sha256:962ccbab7b642487b1d8b7df90ef677e03134cf1fd8880bf698649b22a69371f \
    --hash=sha256:97e7cf2be5c77b7d1a9713a05605d49460d02c6078d38d8bef3cbe323c548424 \
    --hash=sha256:9aa768456404a8bf48a4406685ac2bec8e72b62c69313734fa3b73cf33b3a894 \
    --hash=sha256:9d56801be94b86a9da183e5f3766e6310752b99ff647e38b09a9500d88e46e76 \
    --hash=sha256:9fa8ae11da9e2b3126c6426f147e0fba88d96d65921799bb30c6abd1cb2c97fb \
    --hash=sha256:ad785e92e6dc634c21555edc8bd6b64957ab844541bcb96a1366c202951ae526 \
    --hash=sha256:af8244b2bef6aaad6d92cda81372de7f8c8d36c9f0c3ea36e827c60e7d9467a0 \
    --hash=sha256:b2f69dec1725e79a012d920df1707de5caf7ed5e08f3be4435e25803efc47458 \
    --hash=sha256:b8458003118a712e66286df6a707db01c52c0f52f7db8e4a38f0da1d3b94fc4e \
    --hash=sha256:bfec22eab3c8cc2ceec0248aec886624116dc079afa027ecc8ad4a7e62010f8a \
    --hash=sha256:c1b3f518abeca3aa13c712fd202306e145abf59a18b094a6bafb2d2bbf59192c \
    --hash=sha256:c50f2528cf200c5eed56faf3f4e22fcd5f38c157a8b78576e6ba3168ec35f000 \
    --hash=sha256:c68fcd102d71ea85c5b2dfac3f4f8476eff42a9e078fd5faefff6d145063536b \
    --hash=sha256:c94f0688e7b8d0a67abf40e57a7eaaecd17cc9586706a31b76c031f63df052b4 \
    --hash=sha256:cbaf13819775b7f769bf4a1f066cb6df7a28d4480081a589828ef190226881cd \
    --hash=sha256:cd2213145bcc2ba85884d0ac63d222fece9209678f77b9b4d76f054c561adb28 \
    --hash=sha256:ce5c1d2a8b27468f433ca974829c44060b8097eedc39933e3c206a90ee49c4a9 \
    --hash=sha256:e739fee756ba1010f8bcccb534252e85a35fe45ae92c295a06059ce58b74ccd3 \
    --hash=sha256:e846ae7835bf0703ae43f534ab79a867146dadd59dc9ca5c8b53d5c8f7c9ef02 \
    --hash=sha256:e9c26f834c65f5752f3f06cb08cb86a913ceb7274d0db6e267808a708b46bc89 \
    --hash=sha256:f027324c56cd5406ca49c124b0db10e56c69064fec039acc571c29020cc87c76 \
    --hash=sha256:f99626688942fb746e545232e7726926f3be91b5975f8b55327665fafda991c7 \
    --hash=sha256:fbdb89b3e1c94a30cc5edfce477c6e6a5dc4d8f84665b455c27582f211a1c72c \
    --hash=sha256:fc3e9034a63de20e15e8ade85358bc6efc614008cab72898b4b4952bea0509ff
    # via pydantic
pyjwt==2.13.0 \
    --hash=sha256:41571c89ca91598c79e8ef18a2d07367d4810fbbd6f637794879baf1b7703423 \
    --hash=sha256:66adcc2aff09b3f1bbd95fc1e1577df8ac8723c978552fd43304c8a290ac5728
    # via
    #   enterprise-ones-mcp-server
    #   mcp
python-multipart==0.0.32 \
    --hash=sha256:be54b7f3fa167bb83e4fcd936b887b708f4e57fe75911c02aebf53efaf8d938e \
    --hash=sha256:ff6d3f776f16878c894e52e107296ffc890e913c611b1a4ec6c44e2821fe2e23
    # via mcp
pywin32==312 ; sys_platform == 'win32' \
    --hash=sha256:59aba5d5940842075343a5ddc6b11f1cdf0d1567fe745290359dfbcc7c2eb831 \
    --hash=sha256:5c1fbe4a937a73ae9297384a3da38518cbc694c68ad8a809b2e19acd350f03ed \
    --hash=sha256:6017c58e12f6809fbb0555b75df144c2922a9ffd18e4b9b5afa863b6c1a9d950 \
    --hash=sha256:7a27df850933d16a8eabfbaeb73d52b273e2da667f80d70b01a89d1f6828d02c \
    --hash=sha256:9fce94568364e0155e6dfb781ac5d95903be8baf28670632beab1b523f300daa \
    --hash=sha256:a4dd3a848290ef724347b19f301045831d8e802fa4464f491b98b1e0a081432e \
    --hash=sha256:a77a90fbb6881238d2ca9c6fd797b25817f3768fe78d214a90137ff055a75f5b \
    --hash=sha256:a8597d28f267b39074aef51fa593530082b39cbe5a074226096857b1fed2dfb9 \
    --hash=sha256:b457f6d628a47e8a7346ce22acb7e1a46a4a78b52e1d17e1af56871bd19a93bc \
    --hash=sha256:c2f03a0f73f804a13c2735b99392b0cd426bb4f2c4d0178e5ac966a0f21618d5 \
    --hash=sha256:c53e878d15a1c44788082bfe712a905433473aa38f86375b7cf8b45e3acbaaf9 \
    --hash=sha256:dab4f65ac9c4e48400a2a0530c46c3c579cd5905ecd11b80692373915269208b
    # via mcp
referencing==0.37.0 \
    --hash=sha256:381329a9f99628c9069361716891d34ad94af76e461dcb0335825aecc7692231 \
    --hash=sha256:44aefc3142c5b842538163acb373e24cce6632bd54bdb01b21ad5863489f50d8
    # via
    #   jsonschema
    #   jsonschema-specifications
rpds-py==2026.6.3 \
    --hash=sha256:0be972be84cfcaf46c8c6edf690ca0f154ac17babf1f6a955a51579b34ad2dc5 \
    --hash=sha256:127565fead0a10943b282957bd5447804ff3160ad79f2ad2635e6d249e380680 \
    --hash=sha256:166cf54d9f44fc6ceb53c7860258dde44a81406646de79f8ed3234fca3b6e538 \
    --hash=sha256:1967debc37f64f2c4dc90a7f563aec558b471966e12adcac4e1c4240496b6ebf \
    --hash=sha256:1cebd1337c242e4ec2293e541f712b2da849b29f48f0c293684b71c0632625d4 \
    --hash=sha256:1cf01971c4f2c5553b772a542e4aaf191789cd331bc2cd4ff0e6e65ba49e1e97 \
    --hash=sha256:22bffe6042b9bcb0822bcd1955ec00e245daf17b4344e4ed8e9551b976b63e96 \
    --hash=sha256:23a439f31ccbeff1574e24889128821d1f7917470e830cf6544dced1c662262a \
    --hash=sha256:24e9c5386e16669b674a69c156c8eeefcb578f3b3397b713b08e6d60f3c7b187 \
    --hash=sha256:270b293dae9058fc9fcedab50f13cebf46fb8ed1d1d54e0521a9da5d6b211975 \
    --hash=sha256:29dfa0533a5d4c94d4dfa1b694fcb56c9c63aad8330ffdd816fd225d0a7a162f \
    --hash=sha256:2a9c6f195058cb45335e8cc3802745c603d716eb96bc9625950c1aac71c0c703 \
    --hash=sha256:2c958bf94822e9290a40aaf2a822d4bc5c88099093e3948ad6c571eca9272e5f \
    --hash=sha256:2c99f7e8ccb3dd6e3e4bfeac657a7b208c9bac8075f4b078c02d7404c34107fa \
    --hash=sha256:2f7c26fbc5acd2522b95d4177fe4710ffd8e9b20529e703ffbf8db4d93903f05 \
    --hash=sha256:38a2fea2787428f811719ceb9114cb78964a3138838320c29ac39526c79c16ba \
    --hash=sha256:3cfe765c1da0072636ca06628261e0ea05688e160d5c8a03e0217c3854037223 \
    --hash=sha256:425560c6fa0415f27261727bb20bd097568485e5eb0c121f1949417d1c516885 \
    --hash=sha256:4470ce197d4090875cf6affbf1f853338387428df97c4fb7b7106317b8214698 \
    --hash=sha256:4f4bca01b63096f606e095734dd56e74e175f94cfbf24ff3d63281cec61f7bb7 \
    --hash=sha256:501f9f04a588d6a09179368c57071301445191767c64e4b52a6aa9871f1ef5ed \
    --hash=sha256:536bceea4fa4acf7e1c61da2b5786304367c816c8895be71b8f537c480b0ea1f \
    --hash=sha256:538949e262e46caa31ac01bdb3c1e8f642622922cacbabbae6a8445d9dc33eaf \
    --hash=sha256:539d75de9e0d536c84ff18dfeb805398e58227001ce09231a26a08b9aed1ee0e \
    --hash=sha256:54f45a148e28767bf343d33a684693c70e451c6f4c0e9904709a723fafbdfc1f \
    --hash=sha256:55927d532399c2c646100ff7feb48eaa940ad70f42cd68e1328f3ded9f81ca24 \
    --hash=sha256:58eadac9cd119677b60e1cf8ac4052f35949d71b8a9e5556efccbe82533cf22a \
    --hash=sha256:62698275682bf121181861295c9181e789030a2d516071f5b8f3c23c170cd0fc \
    --hash=sha256:639c8929aa0afe81be836b04de888460d6bed38b9c54cfc18da8f6bfabf5af5d \
    --hash=sha256:67e3a721ffc5d8d2210d3671872298c4a84e4b8035cfe42ffd7cde35d772b146 \
    --hash=sha256:6de4744d05bd1aa1be4ed7ea1189e3979196808008113bbbf899a460966b925e \
    --hash=sha256:6e84adbcf4bf841aed8116a8264b9f50b4cb3e7bd89b516122e616ac56ca269e \
    --hash=sha256:7491ee23305ac3eb59e492b6945881f5cd77a6f731061a3f25b77fd40f9e99a4 \
    --hash=sha256:79486287de1730dbaff3dbd124d0ca4d2ef7f9d29bf2544f1f93c09b5bcbbd12 \
    --hash=sha256:8020133a74bd81b4572dd8e4be028a6b1ebcd70e6726edc3918008c08bee6ee6 \
    --hash=sha256:808345f53cb952433ca2816f1604ff3515608a81784954f38d4452acfe8e61d5 \
    --hash=sha256:842e7b070435622248c7a2c44ae53fa1440e073cc3023bc919fed570884097a7 \
    --hash=sha256:847927daf4cffbd4e90e42bc890069897101edd015f956cb8721b3473372edda \
    --hash=sha256:882076c00c0a608b131187055ddc5ae29f2e7eaf870d6168980420d58528a5c8 \
    --hash=sha256:8b95977e7211527ab0ba576e286d023389fbeeb32a6b7b771665d333c60e5342 \
    --hash=sha256:8c2642a7603ec0b16ed77da4555db3b4b472341904873788327c0b0d7b95f1bb \
    --hash=sha256:8c3d1e9c15b9d51ca0391e13da1a25a0a4df3c58a37c9dc368e0736cf7f69df0 \
    --hash=sha256:8c6e5a2f750cc71c3e3b11d71661f21d6f9bc6cebc6564b1466417a1ec03ec77 \
    --hash=sha256:8e4320744c1ffdd95a603def63344bfab2d33edeab301c5007e7de9f9f5b3885 \
    --hash=sha256:8f2e5c5ee828d42cb11760761c0af6507927bec42d0ad5458f97c9203b054617 \
    --hash=sha256:900a67df3fd1660b035a4761c4ce73c382ea6b35f90f9863c36c6fd8bf8b09bb \
    --hash=sha256:913ca42ccad3f8cc6e292b587ae8ae49c8c823e5dce51a736252fc7c7cdfa577 \
    --hash=sha256:9250a9a0a6fd4648b3f868da8d91a4c52b5811a62df58e753d50ae4454a36f80 \
    --hash=sha256:931908d9fc855d8f74783377822be318edb6dcb19e47169dc038f9a1bf60b06e \
    --hash=sha256:9826217f048f620d9a712672818bf231442c1b35d96b227a07eabd11b4bb6945 \
    --hash=sha256:a0811d33247c3d6128a3001d763f2aa056bb3425204335400ac54f89eec3a0d0 \
    --hash=sha256:a136d453475ac0fcbda502ef1e6504bd28d6d904700915d278deeab0d00fe140 \
    --hash=sha256:a214c993455f99a89aaeadc9b21241900037adc9d97203e374d75513c5911822 \
    --hash=sha256:a3086b538543802f84c843911242db20447de00d8752dd0efc936dbcf02218ba \
    --hash=sha256:a550fb4950a06dde3beb4721f5ad4b25bf4513784665b0a8522c792e2bd822a4 \
    --hash=sha256:a9f4645593036b81bbdb36b9c8e0ea0d1c3fee968c4d59db0344c14087ef143a \
    --hash=sha256:aca6c1ef08a82bfe327cc156da694660f599923e2e6665b6d81c9c2d0ac9ffc8 \
    --hash=sha256:acac386b453c2516111b50985d60ce46e7fadb5ea71ae7b25f4c946935bf27cf \
    --hash=sha256:ae3d4fe8c0b9213624fdce7279d70e3b148b682ca20719ebd193a23ebfa47324 \
    --hash=sha256:ae50181a047c871561212bb97f7932a2d45fb53e947bd9b57ebad85b529cbc53 \
    --hash=sha256:ae6dd8f10bd17aad820876d24caec9efdafd80a318d16c0a48edb5e136902c6b \
    --hash=sha256:af05d726809bff6b141be124d4c7ce998f9c9c7f30edb1f46c07aa103d540b41 \
    --hash=sha256:afd70d95892096cdb26f15a00c45907b17817577aa8d1c76b2dcc2788391f9e9 \
    --hash=sha256:bc0011654b91cc4fb2ae701bec0a0ba1e552c0714247fa7af6c59e0ccfa3a4e1 \
    --hash=sha256:bcfbcf66006befb9fd2aeaa9e01feaf881b4dc330a02ba07d2322b1c11be7b5d \
    --hash=sha256:bdbd97738551fca3917c1bd7188bec1920bb520104f28e7e1007f9ceb17b7690 \
    --hash=sha256:c60924535c75f1566b6eb75b5c31a48a43fef04fa2d0d201acbad8a9969c6107 \
    --hash=sha256:c7b9a2f8f4d8e90af72571d3d495deebdd7e3c75451f5b41719aee166e940fc2 \
    --hash=sha256:ccffae9a092a00deb7efd545fe5e2c33c33b88e7c054337e9a74c179347d0b7d \
    --hash=sha256:cdc7e35386f3847df728fbcb5e887e2d79c19e2fa1eba9e51b6621d23e3243af \
    --hash=sha256:d15fde0e6fb0d88a60d221204873743e5d9f0b7d29165e62cd86d0413ad74ba6 \
    --hash=sha256:d34c20167764fbcf927194d532dd7e0c56772f0a5f943fa5ef9e9afbba8fb9db \
    --hash=sha256:d483fe17f01ad64b7bf7cc38fcefff1ca9fb83f8c2b2542b68f97ffe0611b369 \
    --hash=sha256:d7469697dce35be237db177d42e2a2ee26e6dcc5fc052078a6fefabd288c6edd \
    --hash=sha256:dc319e5a1de4b6913aac94bf6a2f9e847371e0a140a43dd4991db1a09bc2d504 \
    --hash=sha256:e059c5dde6452b44424bd1834557556c226b57781dee1227af23518459722b13 \
    --hash=sha256:e4316bf32babbed84e691e352faf967ce2f0f024174a8643c37c94a1080374fc \
    --hash=sha256:e55d236be29255554da47abe5c577637db7c24a02b8b46f0ca9524c855801868 \
    --hash=sha256:ea7bb13b7c9a29791f87a0387ba7d3ad3a6d783d827e4d3f27b40a0ff44495e2 \
    --hash=sha256:ea964164cc9afa72d4d9b23cc28dafae93693c0a53e0b42acbff15b22c3f9ddd \
    --hash=sha256:ec829541c45bca16e61c7ae50c20501f213605beb75d1aba91a6ee37fbbb56a4 \
    --hash=sha256:ecabd69db66de867690f9797f2f8fa27ba501bbc24540cbdbdc649cd15888ba6 \
    --hash=sha256:ed0c1e5d10cdc7135537988c74a0188da68e2f3c30813ba3744ab1e42e0480f9 \
    --hash=sha256:f0840b5b17057f7fd918b76183a4b5a0635f43e14eb2ce60dce1d4ee4707ea00 \
    --hash=sha256:f4d78253f6996be4901669ad25319f842f740eccf4d58e3c7f3dd39e6dde1d8f \
    --hash=sha256:f56f1695bc5c0871cbc33dc0130fcf503aab0c57dcc5a6700a4f49eba4f2652e \
    --hash=sha256:f826877d462181e5eb1c26a0026b8d0cab05d99844ecb6d8bf3627a2ca0c0442 \
    --hash=sha256:f90938e92afda60266da758ee7d363447f7f0138c9559f9e1811629580582d90 \
    --hash=sha256:faa679d19a6696fd54259ad321251ad77a13e70e03dd834daa762a44fb6196ef
    # via
    #   jsonschema
    #   referencing
sse-starlette==3.4.8 \
    --hash=sha256:6e82314c786709a3cd9520f2285cf9fff90e181e598e8a357b0cf80f66afba0d \
    --hash=sha256:ed89ffbb75cbf78a5fe2f2109cd584792ee7f9dfac96f791db546df8f15f3f9c
    # via mcp
starlette==1.5.0 \
    --hash=sha256:7d5f63a7e4981a9587fc2a0fbc44cfb6cc4c9181d8c26d7e948871ed5da8c3df \
    --hash=sha256:9ca76b47375e56f279d7c66651e801ef11167e58557c429be7ec55702d81d4bb
    # via
    #   mcp
    #   sse-starlette
truststore==0.10.4 \
    --hash=sha256:9d91bd436463ad5e4ee4aba766628dd6cd7010cf3e2461756b3303710eebc301 \
    --hash=sha256:adaeaecf1cbb5f4de3b1959b42d41f6fab57b2b1666adb59e89cb0b53361d981
    # via
    #   httpcore2
    #   httpx2
typing-extensions==4.16.0 \
    --hash=sha256:481caa481374e813c1b176ada14e97f1f67a4539ce9cfeb3f350d78d6370c2e8 \
    --hash=sha256:dc983d19a509c94dba722ee6abd33940f7c05a89e243c47e907eb4db6f1a43e5
    # via
    #   anyio
    #   httpx2
    #   mcp
    #   mcp-types
    #   opentelemetry-api
    #   psycopg
    #   psycopg-pool
    #   pydantic
    #   pydantic-core
    #   referencing
    #   starlette
    #   typing-inspection
typing-inspection==0.4.2 \
    --hash=sha256:4ed1cacbdc298c220f1bd249ed5287caa16f34d44ef4e9c3d0cbad5b521545e7 \
    --hash=sha256:ba561c48a67c5958007083d386c3295464928b01faa735ab8547c5692e87f464
    # via
    #   mcp
    #   pydantic
tzdata==2026.3 ; sys_platform == 'win32' \
    --hash=sha256:4a1518b8993086a7982523e071643f3c0e5f213e75b21318e78bcabfff9d1415 \
    --hash=sha256:dc096730c87af6cab1b171c9d532be840741ff5d459015e7f6947bd7d7e54931
    # via psycopg
uvicorn==0.52.1 ; sys_platform != 'emscripten' \
    --hash=sha256:112ec661814189acbccd3f7b86460147cc065fc92c0821afa78918780e4354dd \
    --hash=sha256:e4403f9d93188cf9d1088e9f40e3acd12630e2df8675316704379a7fc20fff6a
    # via mcp
